
Microsoft Visual Studio Solution File, Format Version 12.00
# Visual Studio Version 17
VisualStudioVersion = 17.1.32421.90
MinimumVisualStudioVersion = 10.0.40219.1
Project("{FAE04EC0-301F-11D3-BF4B-00C04F79EFBC}") = "StructConlsole", "ConsoleApp1\StructConlsole.csproj", "{705AF0D8-3344-4AA4-84F8-E10F84E55490}"
EndProject
Global
	GlobalSection(SolutionConfigurationPlatforms) = preSolution
		Debug|Any CPU = Debug|Any CPU
		Release|Any CPU = Release|Any CPU
	EndGlobalSection
	GlobalSection(ProjectConfigurationPlatforms) = postSolution
		{705AF0D8-3344-4AA4-84F8-E10F84E55490}.Debug|Any CPU.ActiveCfg = Debug|Any CPU
		{705AF0D8-3344-4AA4-84F8-E10F84E55490}.Debug|Any CPU.Build.0 = Debug|Any CPU
		{705AF0D8-3344-4AA4-84F8-E10F84E55490}.Release|Any CPU.ActiveCfg = Release|Any CPU
		{705AF0D8-3344-4AA4-84F8-E10F84E55490}.Release|Any CPU.Build.0 = Release|Any CPU
	EndGlobalSection
	GlobalSection(SolutionProperties) = preSolution
		HideSolutionNode = FALSE
	EndGlobalSection
	GlobalSection(ExtensibilityGlobals) = postSolution
		SolutionGuid = {8E2F30C4-2BD7-4132-A968-01BC92B3742B}
	EndGlobalSection
EndGlobal
