
Microsoft Visual Studio Solution File, Format Version 12.00
# Visual Studio Version 17
VisualStudioVersion = 17.2.32519.379
MinimumVisualStudioVersion = 10.0.40219.1
Project("{9A19103F-16F7-4668-BE54-9A1E7A4F7556}") = "ConsoleLab7", "oop-lab7\ConsoleLab7.csproj", "{90BE86F8-AABB-414D-9B7A-26E627B373C2}"
EndProject
Project("{9A19103F-16F7-4668-BE54-9A1E7A4F7556}") = "ClassLibraryLab7", "ClassLibraryLab7\ClassLibraryLab7.csproj", "{4DB80FE7-45AE-4AF8-BBDD-5B6793F843A9}"
EndProject
Project("{9A19103F-16F7-4668-BE54-9A1E7A4F7556}") = "WinFormsLab7", "WinFormsLab7\WinFormsLab7.csproj", "{F17B508B-BAE9-4F55-B223-77CF271E468B}"
EndProject
Project("{9A19103F-16F7-4668-BE54-9A1E7A4F7556}") = "ClassLibraryWinFormLab7", "WinFormsLibraryLab7\ClassLibraryWinFormLab7.csproj", "{CBD2B509-3546-45A0-B2C9-EA8A9DC13333}"
EndProject
Global
	GlobalSection(SolutionConfigurationPlatforms) = preSolution
		Debug|Any CPU = Debug|Any CPU
		Release|Any CPU = Release|Any CPU
	EndGlobalSection
	GlobalSection(ProjectConfigurationPlatforms) = postSolution
		{90BE86F8-AABB-414D-9B7A-26E627B373C2}.Debug|Any CPU.ActiveCfg = Debug|Any CPU
		{90BE86F8-AABB-414D-9B7A-26E627B373C2}.Debug|Any CPU.Build.0 = Debug|Any CPU
		{90BE86F8-AABB-414D-9B7A-26E627B373C2}.Release|Any CPU.ActiveCfg = Release|Any CPU
		{90BE86F8-AABB-414D-9B7A-26E627B373C2}.Release|Any CPU.Build.0 = Release|Any CPU
		{4DB80FE7-45AE-4AF8-BBDD-5B6793F843A9}.Debug|Any CPU.ActiveCfg = Debug|Any CPU
		{4DB80FE7-45AE-4AF8-BBDD-5B6793F843A9}.Debug|Any CPU.Build.0 = Debug|Any CPU
		{4DB80FE7-45AE-4AF8-BBDD-5B6793F843A9}.Release|Any CPU.ActiveCfg = Release|Any CPU
		{4DB80FE7-45AE-4AF8-BBDD-5B6793F843A9}.Release|Any CPU.Build.0 = Release|Any CPU
		{F17B508B-BAE9-4F55-B223-77CF271E468B}.Debug|Any CPU.ActiveCfg = Debug|Any CPU
		{F17B508B-BAE9-4F55-B223-77CF271E468B}.Debug|Any CPU.Build.0 = Debug|Any CPU
		{F17B508B-BAE9-4F55-B223-77CF271E468B}.Release|Any CPU.ActiveCfg = Release|Any CPU
		{F17B508B-BAE9-4F55-B223-77CF271E468B}.Release|Any CPU.Build.0 = Release|Any CPU
		{CBD2B509-3546-45A0-B2C9-EA8A9DC13333}.Debug|Any CPU.ActiveCfg = Debug|Any CPU
		{CBD2B509-3546-45A0-B2C9-EA8A9DC13333}.Debug|Any CPU.Build.0 = Debug|Any CPU
		{CBD2B509-3546-45A0-B2C9-EA8A9DC13333}.Release|Any CPU.ActiveCfg = Release|Any CPU
		{CBD2B509-3546-45A0-B2C9-EA8A9DC13333}.Release|Any CPU.Build.0 = Release|Any CPU
	EndGlobalSection
	GlobalSection(SolutionProperties) = preSolution
		HideSolutionNode = FALSE
	EndGlobalSection
	GlobalSection(ExtensibilityGlobals) = postSolution
		SolutionGuid = {3DFEFBA1-583A-4CB9-B1FE-88DE1D023951}
	EndGlobalSection
EndGlobal
